
Microsoft Visual Studio Solution File, Format Version 12.00
# Visual Studio Version 17
VisualStudioVersion = 17.5.33530.505
MinimumVisualStudioVersion = 10.0.40219.1
Project("{2150E333-8FDC-42A3-9474-1A3956D46DE8}") = "Library", "Library", "{36085B11-E5BF-4EA1-AB24-F8F1BC2BF8AB}"
EndProject
Project("{2150E333-8FDC-42A3-9474-1A3956D46DE8}") = "Console", "Console", "{FD98817B-7ADC-4E13-A6B4-FE5A9488F896}"
EndProject
Project("{2150E333-8FDC-42A3-9474-1A3956D46DE8}") = "Work", "Work", "{0B27645B-A0D7-4C55-8822-9A863AB931A8}"
EndProject
Project("{FAE04EC0-301F-11D3-BF4B-00C04F79EFBC}") = "ConsoleLibrary", "Library\Console\ConsoleLibrary\ConsoleLibrary.csproj", "{1F89CA86-FD97-4B09-B85A-890A2D7D5DFC}"
EndProject
Project("{FAE04EC0-301F-11D3-BF4B-00C04F79EFBC}") = "ConsoleLibrary.Droid", "Library\Console\ConsoleLibrary.Droid\ConsoleLibrary.Droid.csproj", "{BF45690B-9DD8-4E8A-9D41-0BEC309F2795}"
EndProject
Project("{FAE04EC0-301F-11D3-BF4B-00C04F79EFBC}") = "ConsoleLibrary.UWP", "Library\Console\ConsoleLibrary.UWP\ConsoleLibrary.UWP.csproj", "{014506A7-2013-4A74-B50E-BE9D52C643B2}"
EndProject
Project("{FAE04EC0-301F-11D3-BF4B-00C04F79EFBC}") = "WorkInvoker", "Library\Work\WorkInvoker\WorkInvoker.csproj", "{E52B0C19-162A-4E77-92C4-B5300FEC8DB4}"
EndProject
Project("{2150E333-8FDC-42A3-9474-1A3956D46DE8}") = "Example", "Example", "{6D479430-1D29-483F-9062-2E3D6309A2D3}"
EndProject
Project("{FAE04EC0-301F-11D3-BF4B-00C04F79EFBC}") = "ConsoleLibraryExample.UWP", "Example\ConsoleLibraryExample\ConsoleLibraryExample.UWP\ConsoleLibraryExample.UWP.csproj", "{8A3C44C1-A49C-485E-A7AE-86D783B1821C}"
EndProject
Project("{FAE04EC0-301F-11D3-BF4B-00C04F79EFBC}") = "ConsoleLibraryExample.Android", "Example\ConsoleLibraryExample\ConsoleLibraryExample.Android\ConsoleLibraryExample.Android.csproj", "{77818EC0-5C8C-4D63-9376-27F8AE931AFD}"
EndProject
Project("{FAE04EC0-301F-11D3-BF4B-00C04F79EFBC}") = "ConsoleLibraryExample", "Example\ConsoleLibraryExample\ConsoleLibraryExample\ConsoleLibraryExample.csproj", "{D3DAD3D7-6E53-462A-9D05-B0E2B13D5250}"
EndProject
Global
	GlobalSection(SolutionConfigurationPlatforms) = preSolution
		Debug|Any CPU = Debug|Any CPU
		Debug|ARM = Debug|ARM
		Debug|ARM64 = Debug|ARM64
		Debug|x64 = Debug|x64
		Debug|x86 = Debug|x86
		Release|Any CPU = Release|Any CPU
		Release|ARM = Release|ARM
		Release|ARM64 = Release|ARM64
		Release|x64 = Release|x64
		Release|x86 = Release|x86
	EndGlobalSection
	GlobalSection(ProjectConfigurationPlatforms) = postSolution
		{1F89CA86-FD97-4B09-B85A-890A2D7D5DFC}.Debug|Any CPU.ActiveCfg = Debug|Any CPU
		{1F89CA86-FD97-4B09-B85A-890A2D7D5DFC}.Debug|Any CPU.Build.0 = Debug|Any CPU
		{1F89CA86-FD97-4B09-B85A-890A2D7D5DFC}.Debug|ARM.ActiveCfg = Debug|Any CPU
		{1F89CA86-FD97-4B09-B85A-890A2D7D5DFC}.Debug|ARM.Build.0 = Debug|Any CPU
		{1F89CA86-FD97-4B09-B85A-890A2D7D5DFC}.Debug|ARM64.ActiveCfg = Debug|Any CPU
		{1F89CA86-FD97-4B09-B85A-890A2D7D5DFC}.Debug|ARM64.Build.0 = Debug|Any CPU
		{1F89CA86-FD97-4B09-B85A-890A2D7D5DFC}.Debug|x64.ActiveCfg = Debug|Any CPU
		{1F89CA86-FD97-4B09-B85A-890A2D7D5DFC}.Debug|x64.Build.0 = Debug|Any CPU
		{1F89CA86-FD97-4B09-B85A-890A2D7D5DFC}.Debug|x86.ActiveCfg = Debug|Any CPU
		{1F89CA86-FD97-4B09-B85A-890A2D7D5DFC}.Debug|x86.Build.0 = Debug|Any CPU
		{1F89CA86-FD97-4B09-B85A-890A2D7D5DFC}.Release|Any CPU.ActiveCfg = Release|Any CPU
		{1F89CA86-FD97-4B09-B85A-890A2D7D5DFC}.Release|Any CPU.Build.0 = Release|Any CPU
		{1F89CA86-FD97-4B09-B85A-890A2D7D5DFC}.Release|ARM.ActiveCfg = Release|Any CPU
		{1F89CA86-FD97-4B09-B85A-890A2D7D5DFC}.Release|ARM.Build.0 = Release|Any CPU
		{1F89CA86-FD97-4B09-B85A-890A2D7D5DFC}.Release|ARM64.ActiveCfg = Release|Any CPU
		{1F89CA86-FD97-4B09-B85A-890A2D7D5DFC}.Release|ARM64.Build.0 = Release|Any CPU
		{1F89CA86-FD97-4B09-B85A-890A2D7D5DFC}.Release|x64.ActiveCfg = Release|Any CPU
		{1F89CA86-FD97-4B09-B85A-890A2D7D5DFC}.Release|x64.Build.0 = Release|Any CPU
		{1F89CA86-FD97-4B09-B85A-890A2D7D5DFC}.Release|x86.ActiveCfg = Release|Any CPU
		{1F89CA86-FD97-4B09-B85A-890A2D7D5DFC}.Release|x86.Build.0 = Release|Any CPU
		{BF45690B-9DD8-4E8A-9D41-0BEC309F2795}.Debug|Any CPU.ActiveCfg = Debug|Any CPU
		{BF45690B-9DD8-4E8A-9D41-0BEC309F2795}.Debug|Any CPU.Build.0 = Debug|Any CPU
		{BF45690B-9DD8-4E8A-9D41-0BEC309F2795}.Debug|ARM.ActiveCfg = Debug|Any CPU
		{BF45690B-9DD8-4E8A-9D41-0BEC309F2795}.Debug|ARM.Build.0 = Debug|Any CPU
		{BF45690B-9DD8-4E8A-9D41-0BEC309F2795}.Debug|ARM64.ActiveCfg = Debug|Any CPU
		{BF45690B-9DD8-4E8A-9D41-0BEC309F2795}.Debug|ARM64.Build.0 = Debug|Any CPU
		{BF45690B-9DD8-4E8A-9D41-0BEC309F2795}.Debug|x64.ActiveCfg = Debug|Any CPU
		{BF45690B-9DD8-4E8A-9D41-0BEC309F2795}.Debug|x64.Build.0 = Debug|Any CPU
		{BF45690B-9DD8-4E8A-9D41-0BEC309F2795}.Debug|x86.ActiveCfg = Debug|Any CPU
		{BF45690B-9DD8-4E8A-9D41-0BEC309F2795}.Debug|x86.Build.0 = Debug|Any CPU
		{BF45690B-9DD8-4E8A-9D41-0BEC309F2795}.Release|Any CPU.ActiveCfg = Release|Any CPU
		{BF45690B-9DD8-4E8A-9D41-0BEC309F2795}.Release|Any CPU.Build.0 = Release|Any CPU
		{BF45690B-9DD8-4E8A-9D41-0BEC309F2795}.Release|ARM.ActiveCfg = Release|Any CPU
		{BF45690B-9DD8-4E8A-9D41-0BEC309F2795}.Release|ARM.Build.0 = Release|Any CPU
		{BF45690B-9DD8-4E8A-9D41-0BEC309F2795}.Release|ARM64.ActiveCfg = Release|Any CPU
		{BF45690B-9DD8-4E8A-9D41-0BEC309F2795}.Release|ARM64.Build.0 = Release|Any CPU
		{BF45690B-9DD8-4E8A-9D41-0BEC309F2795}.Release|x64.ActiveCfg = Release|Any CPU
		{BF45690B-9DD8-4E8A-9D41-0BEC309F2795}.Release|x64.Build.0 = Release|Any CPU
		{BF45690B-9DD8-4E8A-9D41-0BEC309F2795}.Release|x86.ActiveCfg = Release|Any CPU
		{BF45690B-9DD8-4E8A-9D41-0BEC309F2795}.Release|x86.Build.0 = Release|Any CPU
		{014506A7-2013-4A74-B50E-BE9D52C643B2}.Debug|Any CPU.ActiveCfg = Debug|Any CPU
		{014506A7-2013-4A74-B50E-BE9D52C643B2}.Debug|Any CPU.Build.0 = Debug|Any CPU
		{014506A7-2013-4A74-B50E-BE9D52C643B2}.Debug|ARM.ActiveCfg = Debug|ARM
		{014506A7-2013-4A74-B50E-BE9D52C643B2}.Debug|ARM.Build.0 = Debug|ARM
		{014506A7-2013-4A74-B50E-BE9D52C643B2}.Debug|ARM64.ActiveCfg = Debug|ARM64
		{014506A7-2013-4A74-B50E-BE9D52C643B2}.Debug|ARM64.Build.0 = Debug|ARM64
		{014506A7-2013-4A74-B50E-BE9D52C643B2}.Debug|x64.ActiveCfg = Debug|x64
		{014506A7-2013-4A74-B50E-BE9D52C643B2}.Debug|x64.Build.0 = Debug|x64
		{014506A7-2013-4A74-B50E-BE9D52C643B2}.Debug|x86.ActiveCfg = Debug|x86
		{014506A7-2013-4A74-B50E-BE9D52C643B2}.Debug|x86.Build.0 = Debug|x86
		{014506A7-2013-4A74-B50E-BE9D52C643B2}.Release|Any CPU.ActiveCfg = Release|Any CPU
		{014506A7-2013-4A74-B50E-BE9D52C643B2}.Release|Any CPU.Build.0 = Release|Any CPU
		{014506A7-2013-4A74-B50E-BE9D52C643B2}.Release|ARM.ActiveCfg = Release|ARM
		{014506A7-2013-4A74-B50E-BE9D52C643B2}.Release|ARM.Build.0 = Release|ARM
		{014506A7-2013-4A74-B50E-BE9D52C643B2}.Release|ARM64.ActiveCfg = Release|ARM64
		{014506A7-2013-4A74-B50E-BE9D52C643B2}.Release|ARM64.Build.0 = Release|ARM64
		{014506A7-2013-4A74-B50E-BE9D52C643B2}.Release|x64.ActiveCfg = Release|x64
		{014506A7-2013-4A74-B50E-BE9D52C643B2}.Release|x64.Build.0 = Release|x64
		{014506A7-2013-4A74-B50E-BE9D52C643B2}.Release|x86.ActiveCfg = Release|x86
		{014506A7-2013-4A74-B50E-BE9D52C643B2}.Release|x86.Build.0 = Release|x86
		{E52B0C19-162A-4E77-92C4-B5300FEC8DB4}.Debug|Any CPU.ActiveCfg = Debug|Any CPU
		{E52B0C19-162A-4E77-92C4-B5300FEC8DB4}.Debug|Any CPU.Build.0 = Debug|Any CPU
		{E52B0C19-162A-4E77-92C4-B5300FEC8DB4}.Debug|ARM.ActiveCfg = Debug|Any CPU
		{E52B0C19-162A-4E77-92C4-B5300FEC8DB4}.Debug|ARM.Build.0 = Debug|Any CPU
		{E52B0C19-162A-4E77-92C4-B5300FEC8DB4}.Debug|ARM64.ActiveCfg = Debug|Any CPU
		{E52B0C19-162A-4E77-92C4-B5300FEC8DB4}.Debug|ARM64.Build.0 = Debug|Any CPU
		{E52B0C19-162A-4E77-92C4-B5300FEC8DB4}.Debug|x64.ActiveCfg = Debug|Any CPU
		{E52B0C19-162A-4E77-92C4-B5300FEC8DB4}.Debug|x64.Build.0 = Debug|Any CPU
		{E52B0C19-162A-4E77-92C4-B5300FEC8DB4}.Debug|x86.ActiveCfg = Debug|Any CPU
		{E52B0C19-162A-4E77-92C4-B5300FEC8DB4}.Debug|x86.Build.0 = Debug|Any CPU
		{E52B0C19-162A-4E77-92C4-B5300FEC8DB4}.Release|Any CPU.ActiveCfg = Release|Any CPU
		{E52B0C19-162A-4E77-92C4-B5300FEC8DB4}.Release|Any CPU.Build.0 = Release|Any CPU
		{E52B0C19-162A-4E77-92C4-B5300FEC8DB4}.Release|ARM.ActiveCfg = Release|Any CPU
		{E52B0C19-162A-4E77-92C4-B5300FEC8DB4}.Release|ARM.Build.0 = Release|Any CPU
		{E52B0C19-162A-4E77-92C4-B5300FEC8DB4}.Release|ARM64.ActiveCfg = Release|Any CPU
		{E52B0C19-162A-4E77-92C4-B5300FEC8DB4}.Release|ARM64.Build.0 = Release|Any CPU
		{E52B0C19-162A-4E77-92C4-B5300FEC8DB4}.Release|x64.ActiveCfg = Release|Any CPU
		{E52B0C19-162A-4E77-92C4-B5300FEC8DB4}.Release|x64.Build.0 = Release|Any CPU
		{E52B0C19-162A-4E77-92C4-B5300FEC8DB4}.Release|x86.ActiveCfg = Release|Any CPU
		{E52B0C19-162A-4E77-92C4-B5300FEC8DB4}.Release|x86.Build.0 = Release|Any CPU
		{8A3C44C1-A49C-485E-A7AE-86D783B1821C}.Debug|Any CPU.ActiveCfg = Debug|x64
		{8A3C44C1-A49C-485E-A7AE-86D783B1821C}.Debug|Any CPU.Build.0 = Debug|x64
		{8A3C44C1-A49C-485E-A7AE-86D783B1821C}.Debug|Any CPU.Deploy.0 = Debug|x64
		{8A3C44C1-A49C-485E-A7AE-86D783B1821C}.Debug|ARM.ActiveCfg = Debug|ARM
		{8A3C44C1-A49C-485E-A7AE-86D783B1821C}.Debug|ARM.Build.0 = Debug|ARM
		{8A3C44C1-A49C-485E-A7AE-86D783B1821C}.Debug|ARM.Deploy.0 = Debug|ARM
		{8A3C44C1-A49C-485E-A7AE-86D783B1821C}.Debug|ARM64.ActiveCfg = Debug|x64
		{8A3C44C1-A49C-485E-A7AE-86D783B1821C}.Debug|ARM64.Build.0 = Debug|x64
		{8A3C44C1-A49C-485E-A7AE-86D783B1821C}.Debug|ARM64.Deploy.0 = Debug|x64
		{8A3C44C1-A49C-485E-A7AE-86D783B1821C}.Debug|x64.ActiveCfg = Debug|x64
		{8A3C44C1-A49C-485E-A7AE-86D783B1821C}.Debug|x64.Build.0 = Debug|x64
		{8A3C44C1-A49C-485E-A7AE-86D783B1821C}.Debug|x64.Deploy.0 = Debug|x64
		{8A3C44C1-A49C-485E-A7AE-86D783B1821C}.Debug|x86.ActiveCfg = Debug|x86
		{8A3C44C1-A49C-485E-A7AE-86D783B1821C}.Debug|x86.Build.0 = Debug|x86
		{8A3C44C1-A49C-485E-A7AE-86D783B1821C}.Debug|x86.Deploy.0 = Debug|x86
		{8A3C44C1-A49C-485E-A7AE-86D783B1821C}.Release|Any CPU.ActiveCfg = Release|x64
		{8A3C44C1-A49C-485E-A7AE-86D783B1821C}.Release|Any CPU.Build.0 = Release|x64
		{8A3C44C1-A49C-485E-A7AE-86D783B1821C}.Release|Any CPU.Deploy.0 = Release|x64
		{8A3C44C1-A49C-485E-A7AE-86D783B1821C}.Release|ARM.ActiveCfg = Release|ARM
		{8A3C44C1-A49C-485E-A7AE-86D783B1821C}.Release|ARM.Build.0 = Release|ARM
		{8A3C44C1-A49C-485E-A7AE-86D783B1821C}.Release|ARM.Deploy.0 = Release|ARM
		{8A3C44C1-A49C-485E-A7AE-86D783B1821C}.Release|ARM64.ActiveCfg = Release|x64
		{8A3C44C1-A49C-485E-A7AE-86D783B1821C}.Release|ARM64.Build.0 = Release|x64
		{8A3C44C1-A49C-485E-A7AE-86D783B1821C}.Release|ARM64.Deploy.0 = Release|x64
		{8A3C44C1-A49C-485E-A7AE-86D783B1821C}.Release|x64.ActiveCfg = Release|x64
		{8A3C44C1-A49C-485E-A7AE-86D783B1821C}.Release|x64.Build.0 = Release|x64
		{8A3C44C1-A49C-485E-A7AE-86D783B1821C}.Release|x64.Deploy.0 = Release|x64
		{8A3C44C1-A49C-485E-A7AE-86D783B1821C}.Release|x86.ActiveCfg = Release|x86
		{8A3C44C1-A49C-485E-A7AE-86D783B1821C}.Release|x86.Build.0 = Release|x86
		{8A3C44C1-A49C-485E-A7AE-86D783B1821C}.Release|x86.Deploy.0 = Release|x86
		{77818EC0-5C8C-4D63-9376-27F8AE931AFD}.Debug|Any CPU.ActiveCfg = Debug|Any CPU
		{77818EC0-5C8C-4D63-9376-27F8AE931AFD}.Debug|Any CPU.Build.0 = Debug|Any CPU
		{77818EC0-5C8C-4D63-9376-27F8AE931AFD}.Debug|Any CPU.Deploy.0 = Debug|Any CPU
		{77818EC0-5C8C-4D63-9376-27F8AE931AFD}.Debug|ARM.ActiveCfg = Debug|Any CPU
		{77818EC0-5C8C-4D63-9376-27F8AE931AFD}.Debug|ARM.Build.0 = Debug|Any CPU
		{77818EC0-5C8C-4D63-9376-27F8AE931AFD}.Debug|ARM.Deploy.0 = Debug|Any CPU
		{77818EC0-5C8C-4D63-9376-27F8AE931AFD}.Debug|ARM64.ActiveCfg = Debug|Any CPU
		{77818EC0-5C8C-4D63-9376-27F8AE931AFD}.Debug|ARM64.Build.0 = Debug|Any CPU
		{77818EC0-5C8C-4D63-9376-27F8AE931AFD}.Debug|ARM64.Deploy.0 = Debug|Any CPU
		{77818EC0-5C8C-4D63-9376-27F8AE931AFD}.Debug|x64.ActiveCfg = Debug|Any CPU
		{77818EC0-5C8C-4D63-9376-27F8AE931AFD}.Debug|x64.Build.0 = Debug|Any CPU
		{77818EC0-5C8C-4D63-9376-27F8AE931AFD}.Debug|x64.Deploy.0 = Debug|Any CPU
		{77818EC0-5C8C-4D63-9376-27F8AE931AFD}.Debug|x86.ActiveCfg = Debug|Any CPU
		{77818EC0-5C8C-4D63-9376-27F8AE931AFD}.Debug|x86.Build.0 = Debug|Any CPU
		{77818EC0-5C8C-4D63-9376-27F8AE931AFD}.Debug|x86.Deploy.0 = Debug|Any CPU
		{77818EC0-5C8C-4D63-9376-27F8AE931AFD}.Release|Any CPU.ActiveCfg = Release|Any CPU
		{77818EC0-5C8C-4D63-9376-27F8AE931AFD}.Release|Any CPU.Build.0 = Release|Any CPU
		{77818EC0-5C8C-4D63-9376-27F8AE931AFD}.Release|Any CPU.Deploy.0 = Release|Any CPU
		{77818EC0-5C8C-4D63-9376-27F8AE931AFD}.Release|ARM.ActiveCfg = Release|Any CPU
		{77818EC0-5C8C-4D63-9376-27F8AE931AFD}.Release|ARM.Build.0 = Release|Any CPU
		{77818EC0-5C8C-4D63-9376-27F8AE931AFD}.Release|ARM.Deploy.0 = Release|Any CPU
		{77818EC0-5C8C-4D63-9376-27F8AE931AFD}.Release|ARM64.ActiveCfg = Release|Any CPU
		{77818EC0-5C8C-4D63-9376-27F8AE931AFD}.Release|ARM64.Build.0 = Release|Any CPU
		{77818EC0-5C8C-4D63-9376-27F8AE931AFD}.Release|ARM64.Deploy.0 = Release|Any CPU
		{77818EC0-5C8C-4D63-9376-27F8AE931AFD}.Release|x64.ActiveCfg = Release|Any CPU
		{77818EC0-5C8C-4D63-9376-27F8AE931AFD}.Release|x64.Build.0 = Release|Any CPU
		{77818EC0-5C8C-4D63-9376-27F8AE931AFD}.Release|x64.Deploy.0 = Release|Any CPU
		{77818EC0-5C8C-4D63-9376-27F8AE931AFD}.Release|x86.ActiveCfg = Release|Any CPU
		{77818EC0-5C8C-4D63-9376-27F8AE931AFD}.Release|x86.Build.0 = Release|Any CPU
		{77818EC0-5C8C-4D63-9376-27F8AE931AFD}.Release|x86.Deploy.0 = Release|Any CPU
		{D3DAD3D7-6E53-462A-9D05-B0E2B13D5250}.Debug|Any CPU.ActiveCfg = Debug|Any CPU
		{D3DAD3D7-6E53-462A-9D05-B0E2B13D5250}.Debug|Any CPU.Build.0 = Debug|Any CPU
		{D3DAD3D7-6E53-462A-9D05-B0E2B13D5250}.Debug|ARM.ActiveCfg = Debug|Any CPU
		{D3DAD3D7-6E53-462A-9D05-B0E2B13D5250}.Debug|ARM.Build.0 = Debug|Any CPU
		{D3DAD3D7-6E53-462A-9D05-B0E2B13D5250}.Debug|ARM64.ActiveCfg = Debug|Any CPU
		{D3DAD3D7-6E53-462A-9D05-B0E2B13D5250}.Debug|ARM64.Build.0 = Debug|Any CPU
		{D3DAD3D7-6E53-462A-9D05-B0E2B13D5250}.Debug|x64.ActiveCfg = Debug|Any CPU
		{D3DAD3D7-6E53-462A-9D05-B0E2B13D5250}.Debug|x64.Build.0 = Debug|Any CPU
		{D3DAD3D7-6E53-462A-9D05-B0E2B13D5250}.Debug|x86.ActiveCfg = Debug|Any CPU
		{D3DAD3D7-6E53-462A-9D05-B0E2B13D5250}.Debug|x86.Build.0 = Debug|Any CPU
		{D3DAD3D7-6E53-462A-9D05-B0E2B13D5250}.Release|Any CPU.ActiveCfg = Release|Any CPU
		{D3DAD3D7-6E53-462A-9D05-B0E2B13D5250}.Release|Any CPU.Build.0 = Release|Any CPU
		{D3DAD3D7-6E53-462A-9D05-B0E2B13D5250}.Release|ARM.ActiveCfg = Release|Any CPU
		{D3DAD3D7-6E53-462A-9D05-B0E2B13D5250}.Release|ARM.Build.0 = Release|Any CPU
		{D3DAD3D7-6E53-462A-9D05-B0E2B13D5250}.Release|ARM64.ActiveCfg = Release|Any CPU
		{D3DAD3D7-6E53-462A-9D05-B0E2B13D5250}.Release|ARM64.Build.0 = Release|Any CPU
		{D3DAD3D7-6E53-462A-9D05-B0E2B13D5250}.Release|x64.ActiveCfg = Release|Any CPU
		{D3DAD3D7-6E53-462A-9D05-B0E2B13D5250}.Release|x64.Build.0 = Release|Any CPU
		{D3DAD3D7-6E53-462A-9D05-B0E2B13D5250}.Release|x86.ActiveCfg = Release|Any CPU
		{D3DAD3D7-6E53-462A-9D05-B0E2B13D5250}.Release|x86.Build.0 = Release|Any CPU
	EndGlobalSection
	GlobalSection(SolutionProperties) = preSolution
		HideSolutionNode = FALSE
	EndGlobalSection
	GlobalSection(NestedProjects) = preSolution
		{FD98817B-7ADC-4E13-A6B4-FE5A9488F896} = {36085B11-E5BF-4EA1-AB24-F8F1BC2BF8AB}
		{0B27645B-A0D7-4C55-8822-9A863AB931A8} = {36085B11-E5BF-4EA1-AB24-F8F1BC2BF8AB}
		{1F89CA86-FD97-4B09-B85A-890A2D7D5DFC} = {FD98817B-7ADC-4E13-A6B4-FE5A9488F896}
		{BF45690B-9DD8-4E8A-9D41-0BEC309F2795} = {FD98817B-7ADC-4E13-A6B4-FE5A9488F896}
		{014506A7-2013-4A74-B50E-BE9D52C643B2} = {FD98817B-7ADC-4E13-A6B4-FE5A9488F896}
		{E52B0C19-162A-4E77-92C4-B5300FEC8DB4} = {0B27645B-A0D7-4C55-8822-9A863AB931A8}
		{8A3C44C1-A49C-485E-A7AE-86D783B1821C} = {6D479430-1D29-483F-9062-2E3D6309A2D3}
		{77818EC0-5C8C-4D63-9376-27F8AE931AFD} = {6D479430-1D29-483F-9062-2E3D6309A2D3}
		{D3DAD3D7-6E53-462A-9D05-B0E2B13D5250} = {6D479430-1D29-483F-9062-2E3D6309A2D3}
	EndGlobalSection
	GlobalSection(ExtensibilityGlobals) = postSolution
		SolutionGuid = {1738DD01-9477-48BF-9C65-E128EC3A289A}
	EndGlobalSection
EndGlobal
